// !$*UTF8*$!
{
	archiveVersion = 1;
	classes = {
	};
	objectVersion = 77;
	objects = {

/* Begin PBXContainerItemProxy section */
		E978D1C62EAED47800BA0F3C /* PBXContainerItemProxy */ = {
			isa = PBXContainerItemProxy;
			containerPortal = E978D1B02EAED47700BA0F3C /* Project object */;
			proxyType = 1;
			remoteGlobalIDString = E978D1B72EAED47700BA0F3C;
			remoteInfo = "audio-earning";
		};
		E978D1D02EAED47800BA0F3C /* PBXContainerItemProxy */ = {
			isa = PBXContainerItemProxy;
			containerPortal = E978D1B02EAED47700BA0F3C /* Project object */;
			proxyType = 1;
			remoteGlobalIDString = E978D1B72EAED47700BA0F3C;
			remoteInfo = "audio-earning";
		};
/* End PBXContainerItemProxy section */

/* Begin PBXFileReference section */
		E978D1B82EAED47700BA0F3C /* audio-earning.app */ = {isa = PBXFileReference; explicitFileType = wrapper.application; includeInIndex = 0; path = "audio-earning.app"; sourceTree = BUILT_PRODUCTS_DIR; };
		E978D1C52EAED47800BA0F3C /* audio-earningTests.xctest */ = {isa = PBXFileReference; explicitFileType = wrapper.cfbundle; includeInIndex = 0; path = "audio-earningTests.xctest"; sourceTree = BUILT_PRODUCTS_DIR; };
		E978D1CF2EAED47800BA0F3C /* audio-earningUITests.xctest */ = {isa = PBXFileReference; explicitFileType = wrapper.cfbundle; includeInIndex = 0; path = "audio-earningUITests.xctest"; sourceTree = BUILT_PRODUCTS_DIR; };
/* End PBXFileReference section */

/* Begin PBXFileSystemSynchronizedBuildFileExceptionSet section */
		E986EE262EB5CF530053A1F4 /* Exceptions for "audio-earning" folder in "audio-earning" target */ = {
			isa = PBXFileSystemSynchronizedBuildFileExceptionSet;
			membershipExceptions = (
				Info.plist,
			);
			target = E978D1B72EAED47700BA0F3C /* audio-earning */;
		};
/* End PBXFileSystemSynchronizedBuildFileExceptionSet section */

/* Begin PBXFileSystemSynchronizedRootGroup section */
		E978D1BA2EAED47700BA0F3C /* audio-earning */ = {
			isa = PBXFileSystemSynchronizedRootGroup;
			exceptions = (
				E986EE262EB5CF530053A1F4 /* Exceptions for "audio-earning" folder in "audio-earning" target */,
			);
			path = "audio-earning";
			sourceTree = "<group>";
		};
		E978D1C82EAED47800BA0F3C /* audio-earningTests */ = {
			isa = PBXFileSystemSynchronizedRootGroup;
			path = "audio-earningTests";
			sourceTree = "<group>";
		};
		E978D1D22EAED47800BA0F3C /* audio-earningUITests */ = {
			isa = PBXFileSystemSynchronizedRootGroup;
			path = "audio-earningUITests";
			sourceTree = "<group>";
		};
/* End PBXFileSystemSynchronizedRootGroup section */

/* Begin PBXFrameworksBuildPhase section */
		E978D1B52EAED47700BA0F3C /* Frameworks */ = {
			isa = PBXFrameworksBuildPhase;
			buildActionMask = 2147483647;
			files = (
			);
			runOnlyForDeploymentPostprocessing = 0;
		};
		E978D1C22EAED47800BA0F3C /* Frameworks */ = {
			isa = PBXFrameworksBuildPhase;
			buildActionMask = 2147483647;
			files = (
			);
			runOnlyForDeploymentPostprocessing = 0;
		};
		E978D1CC2EAED47800BA0F3C /* Frameworks */ = {
			isa = PBXFrameworksBuildPhase;
			buildActionMask = 2147483647;
			files = (
			);
			runOnlyForDeploymentPostprocessing = 0;
		};
/* End PBXFrameworksBuildPhase section */

/* Begin PBXGroup section */
		E978D1AF2EAED47700BA0F3C = {
			isa = PBXGroup;
			children = (
				E978D1BA2EAED47700BA0F3C /* audio-earning */,
				E978D1C82EAED47800BA0F3C /* audio-earningTests */,
				E978D1D22EAED47800BA0F3C /* audio-earningUITests */,
				E978D1B92EAED47700BA0F3C /* Products */,
			);
			sourceTree = "<group>";
		};
		E978D1B92EAED47700BA0F3C /* Products */ = {
			isa = PBXGroup;
			children = (
				E978D1B82EAED47700BA0F3C /* audio-earning.app */,
				E978D1C52EAED47800BA0F3C /* audio-earningTests.xctest */,
				E978D1CF2EAED47800BA0F3C /* audio-earningUITests.xctest */,
			);
			name = Products;
			sourceTree = "<group>";
		};
/* End PBXGroup section */

/* Begin PBXNativeTarget section */
		E978D1B72EAED47700BA0F3C /* audio-earning */ = {
			isa = PBXNativeTarget;
			buildConfigurationList = E978D1D92EAED47800BA0F3C /* Build configuration list for PBXNativeTarget "audio-earning" */;
			buildPhases = (
				E978D1B42EAED47700BA0F3C /* Sources */,
				E978D1B52EAED47700BA0F3C /* Frameworks */,
				E978D1B62EAED47700BA0F3C /* Resources */,
			);
			buildRules = (
			);
			dependencies = (
			);
			fileSystemSynchronizedGroups = (
				E978D1BA2EAED47700BA0F3C /* audio-earning */,
			);
			name = "audio-earning";
			packageProductDependencies = (
			);
			productName = "audio-earning";
			productReference = E978D1B82EAED47700BA0F3C /* audio-earning.app */;
			productType = "com.apple.product-type.application";
		};
		E978D1C42EAED47800BA0F3C /* audio-earningTests */ = {
			isa = PBXNativeTarget;
			buildConfigurationList = E978D1DC2EAED47800BA0F3C /* Build configuration list for PBXNativeTarget "audio-earningTests" */;
			buildPhases = (
				E978D1C12EAED47800BA0F3C /* Sources */,
				E978D1C22EAED47800BA0F3C /* Frameworks */,
				E978D1C32EAED47800BA0F3C /* Resources */,
			);
			buildRules = (
			);
			dependencies = (
				E978D1C72EAED47800BA0F3C /* PBXTargetDependency */,
			);
			fileSystemSynchronizedGroups = (
				E978D1C82EAED47800BA0F3C /* audio-earningTests */,
			);
			name = "audio-earningTests";
			packageProductDependencies = (
			);
			productName = "audio-earningTests";
			productReference = E978D1C52EAED47800BA0F3C /* audio-earningTests.xctest */;
			productType = "com.apple.product-type.bundle.unit-test";
		};
		E978D1CE2EAED47800BA0F3C /* audio-earningUITests */ = {
			isa = PBXNativeTarget;
			buildConfigurationList = E978D1DF2EAED47800BA0F3C /* Build configuration list for PBXNativeTarget "audio-earningUITests" */;
			buildPhases = (
				E978D1CB2EAED47800BA0F3C /* Sources */,
				E978D1CC2EAED47800BA0F3C /* Frameworks */,
				E978D1CD2EAED47800BA0F3C /* Resources */,
			);
			buildRules = (
			);
			dependencies = (
				E978D1D12EAED47800BA0F3C /* PBXTargetDependency */,
			);
			fileSystemSynchronizedGroups = (
				E978D1D22EAED47800BA0F3C /* audio-earningUITests */,
			);
			name = "audio-earningUITests";
			packageProductDependencies = (
			);
			productName = "audio-earningUITests";
			productReference = E978D1CF2EAED47800BA0F3C /* audio-earningUITests.xctest */;
			productType = "com.apple.product-type.bundle.ui-testing";
		};
/* End PBXNativeTarget section */

/* Begin PBXProject section */
		E978D1B02EAED47700BA0F3C /* Project object */ = {
			isa = PBXProject;
			attributes = {
				BuildIndependentTargetsInParallel = 1;
				LastSwiftUpdateCheck = 1640;
				LastUpgradeCheck = 1640;
				TargetAttributes = {
					E978D1B72EAED47700BA0F3C = {
						CreatedOnToolsVersion = 16.4;
					};
					E978D1C42EAED47800BA0F3C = {
						CreatedOnToolsVersion = 16.4;
						TestTargetID = E978D1B72EAED47700BA0F3C;
					};
					E978D1CE2EAED47800BA0F3C = {
						CreatedOnToolsVersion = 16.4;
						TestTargetID = E978D1B72EAED47700BA0F3C;
					};
				};
			};
			buildConfigurationList = E978D1B32EAED47700BA0F3C /* Build configuration list for PBXProject "audio-earning" */;
			developmentRegion = en;
			hasScannedForEncodings = 0;
			knownRegions = (
				en,
				Base,
			);
			mainGroup = E978D1AF2EAED47700BA0F3C;
			minimizedProjectReferenceProxies = 1;
			preferredProjectObjectVersion = 77;
			productRefGroup = E978D1B92EAED47700BA0F3C /* Products */;
			projectDirPath = "";
			projectRoot = "";
			targets = (
				E978D1B72EAED47700BA0F3C /* audio-earning */,
				E978D1C42EAED47800BA0F3C /* audio-earningTests */,
				E978D1CE2EAED47800BA0F3C /* audio-earningUITests */,
			);
		};
/* End PBXProject section */

/* Begin PBXResourcesBuildPhase section */
		E978D1B62EAED47700BA0F3C /* Resources */ = {
			isa = PBXResourcesBuildPhase;
			buildActionMask = 2147483647;
			files = (
			);
			runOnlyForDeploymentPostprocessing = 0;
		};
		E978D1C32EAED47800BA0F3C /* Resources */ = {
			isa = PBXResourcesBuildPhase;
			buildActionMask = 2147483647;
			files = (
			);
			runOnlyForDeploymentPostprocessing = 0;
		};
		E978D1CD2EAED47800BA0F3C /* Resources */ = {
			isa = PBXResourcesBuildPhase;
			buildActionMask = 2147483647;
			files = (
			);
			runOnlyForDeploymentPostprocessing = 0;
		};
/* End PBXResourcesBuildPhase section */

/* Begin PBXSourcesBuildPhase section */
		E978D1B42EAED47700BA0F3C /* Sources */ = {
			isa = PBXSourcesBuildPhase;
			buildActionMask = 2147483647;
			files = (
			);
			runOnlyForDeploymentPostprocessing = 0;
		};
		E978D1C12EAED47800BA0F3C /* Sources */ = {
			isa = PBXSourcesBuildPhase;
			buildActionMask = 2147483647;
			files = (
			);
			runOnlyForDeploymentPostprocessing = 0;
		};
		E978D1CB2EAED47800BA0F3C /* Sources */ = {
			isa = PBXSourcesBuildPhase;
			buildActionMask = 2147483647;
			files = (
			);
			runOnlyForDeploymentPostprocessing = 0;
		};
/* End PBXSourcesBuildPhase section */

/* Begin PBXTargetDependency section */
		E978D1C72EAED47800BA0F3C /* PBXTargetDependency */ = {
			isa = PBXTargetDependency;
			target = E978D1B72EAED47700BA0F3C /* audio-earning */;
			targetProxy = E978D1C62EAED47800BA0F3C /* PBXContainerItemProxy */;
		};
		E978D1D12EAED47800BA0F3C /* PBXTargetDependency */ = {
			isa = PBXTargetDependency;
			target = E978D1B72EAED47700BA0F3C /* audio-earning */;
			targetProxy = E978D1D02EAED47800BA0F3C /* PBXContainerItemProxy */;
		};
/* End PBXTargetDependency section */

/* Begin XCBuildConfiguration section */
		E978D1D72EAED47800BA0F3C /* Debug */ = {
			isa = XCBuildConfiguration;
			buildSettings = {
				ALWAYS_SEARCH_USER_PATHS = NO;
				ASSETCATALOG_COMPILER_GENERATE_SWIFT_ASSET_SYMBOL_EXTENSIONS = YES;
				CLANG_ANALYZER_NONNULL = YES;
				CLANG_ANALYZER_NUMBER_OBJECT_CONVERSION = YES_AGGRESSIVE;
				CLANG_CXX_LANGUAGE_STANDARD = "gnu++20";
				CLANG_ENABLE_MODULES = YES;
				CLANG_ENABLE_OBJC_ARC = YES;
				CLANG_ENABLE_OBJC_WEAK = YES;
				CLANG_WARN_BLOCK_CAPTURE_AUTORELEASING = YES;
				CLANG_WARN_BOOL_CONVERSION = YES;
				CLANG_WARN_COMMA = YES;
				CLANG_WARN_CONSTANT_CONVERSION = YES;
				CLANG_WARN_DEPRECATED_OBJC_IMPLEMENTATIONS = YES;
				CLANG_WARN_DIRECT_OBJC_ISA_USAGE = YES_ERROR;
				CLANG_WARN_DOCUMENTATION_COMMENTS = YES;
				CLANG_WARN_EMPTY_BODY = YES;
				CLANG_WARN_ENUM_CONVERSION = YES;
				CLANG_WARN_INFINITE_RECURSION = YES;
				CLANG_WARN_INT_CONVERSION = YES;
				CLANG_WARN_NON_LITERAL_NULL_CONVERSION = YES;
				CLANG_WARN_OBJC_IMPLICIT_RETAIN_SELF = YES;
				CLANG_WARN_OBJC_LITERAL_CONVERSION = YES;
				CLANG_WARN_OBJC_ROOT_CLASS = YES_ERROR;
				CLANG_WARN_QUOTED_INCLUDE_IN_FRAMEWORK_HEADER = YES;
				CLANG_WARN_RANGE_LOOP_ANALYSIS = YES;
				CLANG_WARN_STRICT_PROTOTYPES = YES;
				CLANG_WARN_SUSPICIOUS_MOVE = YES;
				CLANG_WARN_UNGUARDED_AVAILABILITY = YES_AGGRESSIVE;
				CLANG_WARN_UNREACHABLE_CODE = YES;
				CLANG_WARN__DUPLICATE_METHOD_MATCH = YES;
				COPY_PHASE_STRIP = NO;
				DEBUG_INFORMATION_FORMAT = dwarf;
				DEVELOPMENT_TEAM = XNSH5U9FNV;
				ENABLE_STRICT_OBJC_MSGSEND = YES;
				ENABLE_TESTABILITY = YES;
				ENABLE_USER_SCRIPT_SANDBOXING = YES;
				GCC_C_LANGUAGE_STANDARD = gnu17;
				GCC_DYNAMIC_NO_PIC = NO;
				GCC_NO_COMMON_BLOCKS = YES;
				GCC_OPTIMIZATION_LEVEL = 0;
				GCC_PREPROCESSOR_DEFINITIONS = (
					"DEBUG=1",
					"$(inherited)",
				);
				GCC_WARN_64_TO_32_BIT_CONVERSION = YES;
				GCC_WARN_ABOUT_RETURN_TYPE = YES_ERROR;
				GCC_WARN_UNDECLARED_SELECTOR = YES;
				GCC_WARN_UNINITIALIZED_AUTOS = YES_AGGRESSIVE;
				GCC_WARN_UNUSED_FUNCTION = YES;
				GCC_WARN_UNUSED_VARIABLE = YES;
				IPHONEOS_DEPLOYMENT_TARGET = 18.5;
				LOCALIZATION_PREFERS_STRING_CATALOGS = YES;
				MTL_ENABLE_DEBUG_INFO = INCLUDE_SOURCE;
				MTL_FAST_MATH = YES;
				ONLY_ACTIVE_ARCH = YES;
				SDKROOT = iphoneos;
				SWIFT_ACTIVE_COMPILATION_CONDITIONS = "DEBUG $(inherited)";
				SWIFT_OPTIMIZATION_LEVEL = "-Onone";
			};
			name = Debug;
		};
		E978D1D82EAED47800BA0F3C /* Release */ = {
			isa = XCBuildConfiguration;
			buildSettings = {
				ALWAYS_SEARCH_USER_PATHS = NO;
				ASSETCATALOG_COMPILER_GENERATE_SWIFT_ASSET_SYMBOL_EXTENSIONS = YES;
				CLANG_ANALYZER_NONNULL = YES;
				CLANG_ANALYZER_NUMBER_OBJECT_CONVERSION = YES_AGGRESSIVE;
				CLANG_CXX_LANGUAGE_STANDARD = "gnu++20";
				CLANG_ENABLE_MODULES = YES;
				CLANG_ENABLE_OBJC_ARC = YES;
				CLANG_ENABLE_OBJC_WEAK = YES;
				CLANG_WARN_BLOCK_CAPTURE_AUTORELEASING = YES;
				CLANG_WARN_BOOL_CONVERSION = YES;
				CLANG_WARN_COMMA = YES;
				CLANG_WARN_CONSTANT_CONVERSION = YES;
				CLANG_WARN_DEPRECATED_OBJC_IMPLEMENTATIONS = YES;
				CLANG_WARN_DIRECT_OBJC_ISA_USAGE = YES_ERROR;
				CLANG_WARN_DOCUMENTATION_COMMENTS = YES;
				CLANG_WARN_EMPTY_BODY = YES;
				CLANG_WARN_ENUM_CONVERSION = YES;
				CLANG_WARN_INFINITE_RECURSION = YES;
				CLANG_WARN_INT_CONVERSION = YES;
				CLANG_WARN_NON_LITERAL_NULL_CONVERSION = YES;
				CLANG_WARN_OBJC_IMPLICIT_RETAIN_SELF = YES;
				CLANG_WARN_OBJC_LITERAL_CONVERSION = YES;
				CLANG_WARN_OBJC_ROOT_CLASS = YES_ERROR;
				CLANG_WARN_QUOTED_INCLUDE_IN_FRAMEWORK_HEADER = YES;
				CLANG_WARN_RANGE_LOOP_ANALYSIS = YES;
				CLANG_WARN_STRICT_PROTOTYPES = YES;
				CLANG_WARN_SUSPICIOUS_MOVE = YES;
				CLANG_WARN_UNGUARDED_AVAILABILITY = YES_AGGRESSIVE;
				CLANG_WARN_UNREACHABLE_CODE = YES;
				CLANG_WARN__DUPLICATE_METHOD_MATCH = YES;
				COPY_PHASE_STRIP = NO;
				DEBUG_INFORMATION_FORMAT = "dwarf-with-dsym";
				DEVELOPMENT_TEAM = XNSH5U9FNV;
				ENABLE_NS_ASSERTIONS = NO;
				ENABLE_STRICT_OBJC_MSGSEND = YES;
				ENABLE_USER_SCRIPT_SANDBOXING = YES;
				GCC_C_LANGUAGE_STANDARD = gnu17;
				GCC_NO_COMMON_BLOCKS = YES;
				GCC_WARN_64_TO_32_BIT_CONVERSION = YES;
				GCC_WARN_ABOUT_RETURN_TYPE = YES_ERROR;
				GCC_WARN_UNDECLARED_SELECTOR = YES;
				GCC_WARN_UNINITIALIZED_AUTOS = YES_AGGRESSIVE;
				GCC_WARN_UNUSED_FUNCTION = YES;
				GCC_WARN_UNUSED_VARIABLE = YES;
				IPHONEOS_DEPLOYMENT_TARGET = 18.5;
				LOCALIZATION_PREFERS_STRING_CATALOGS = YES;
				MTL_ENABLE_DEBUG_INFO = NO;
				MTL_FAST_MATH = YES;
				SDKROOT = iphoneos;
				SWIFT_COMPILATION_MODE = wholemodule;
				VALIDATE_PRODUCT = YES;
			};
			name = Release;
		};
		E978D1DA2EAED47800BA0F3C /* Debug */ = {
			isa = XCBuildConfiguration;
			buildSettings = {
				ASSETCATALOG_COMPILER_APPICON_NAME = AppIcon;
				ASSETCATALOG_COMPILER_GLOBAL_ACCENT_COLOR_NAME = AccentColor;
				CODE_SIGN_STYLE = Automatic;
				CURRENT_PROJECT_VERSION = 1;
				DEVELOPMENT_TEAM = XNSH5U9FNV;
				ENABLE_PREVIEWS = YES;
				GENERATE_INFOPLIST_FILE = YES;
				INFOPLIST_FILE = "audio-earning/Info.plist";
				INFOPLIST_KEY_UIApplicationSceneManifest_Generation = YES;
				INFOPLIST_KEY_UIApplicationSupportsIndirectInputEvents = YES;
				INFOPLIST_KEY_UILaunchScreen_Generation = YES;
				INFOPLIST_KEY_UISupportedInterfaceOrientations_iPad = "UIInterfaceOrientationPortrait UIInterfaceOrientationPortraitUpsideDown UIInterfaceOrientationLandscapeLeft UIInterfaceOrientationLandscapeRight";
				INFOPLIST_KEY_UISupportedInterfaceOrientations_iPhone = "UIInterfaceOrientationPortrait UIInterfaceOrientationLandscapeLeft UIInterfaceOrientationLandscapeRight";
				LD_RUNPATH_SEARCH_PATHS = (
					"$(inherited)",
					"@executable_path/Frameworks",
				);
				MARKETING_VERSION = 1.0;
				PRODUCT_BUNDLE_IDENTIFIER = "com.Max0228.englishhelper.audio-earning";
				PRODUCT_NAME = "$(TARGET_NAME)";
				SWIFT_EMIT_LOC_STRINGS = YES;
				SWIFT_VERSION = 5.0;
				TARGETED_DEVICE_FAMILY = "1,2";
			};
			name = Debug;
		};
		E978D1DB2EAED47800BA0F3C /* Release */ = {
			isa = XCBuildConfiguration;
			buildSettings = {
				ASSETCATALOG_COMPILER_APPICON_NAME = AppIcon;
				ASSETCATALOG_COMPILER_GLOBAL_ACCENT_COLOR_NAME = AccentColor;
				CODE_SIGN_STYLE = Automatic;
				CURRENT_PROJECT_VERSION = 1;
				DEVELOPMENT_TEAM = XNSH5U9FNV;
				ENABLE_PREVIEWS = YES;
				GENERATE_INFOPLIST_FILE = YES;
				INFOPLIST_FILE = "audio-earning/Info.plist";
				INFOPLIST_KEY_UIApplicationSceneManifest_Generation = YES;
				INFOPLIST_KEY_UIApplicationSupportsIndirectInputEvents = YES;
				INFOPLIST_KEY_UILaunchScreen_Generation = YES;
				INFOPLIST_KEY_UISupportedInterfaceOrientations_iPad = "UIInterfaceOrientationPortrait UIInterfaceOrientationPortraitUpsideDown UIInterfaceOrientationLandscapeLeft UIInterfaceOrientationLandscapeRight";
				INFOPLIST_KEY_UISupportedInterfaceOrientations_iPhone = "UIInterfaceOrientationPortrait UIInterfaceOrientationLandscapeLeft UIInterfaceOrientationLandscapeRight";
				LD_RUNPATH_SEARCH_PATHS = (
					"$(inherited)",
					"@executable_path/Frameworks",
				);
				MARKETING_VERSION = 1.0;
				PRODUCT_BUNDLE_IDENTIFIER = "com.Max0228.englishhelper.audio-earning";
				PRODUCT_NAME = "$(TARGET_NAME)";
				SWIFT_EMIT_LOC_STRINGS = YES;
				SWIFT_VERSION = 5.0;
				TARGETED_DEVICE_FAMILY = "1,2";
			};
			name = Release;
		};
		E978D1DD2EAED47800BA0F3C /* Debug */ = {
			isa = XCBuildConfiguration;
			buildSettings = {
				BUNDLE_LOADER = "$(TEST_HOST)";
				CODE_SIGN_STYLE = Automatic;
				CURRENT_PROJECT_VERSION = 1;
				DEVELOPMENT_TEAM = XNSH5U9FNV;
				GENERATE_INFOPLIST_FILE = YES;
				IPHONEOS_DEPLOYMENT_TARGET = 18.5;
				MARKETING_VERSION = 1.0;
				PRODUCT_BUNDLE_IDENTIFIER = "com.Max0228.englishhelper.audio-earningTests";
				PRODUCT_NAME = "$(TARGET_NAME)";
				SWIFT_EMIT_LOC_STRINGS = NO;
				SWIFT_VERSION = 5.0;
				TARGETED_DEVICE_FAMILY = "1,2";
				TEST_HOST = "$(BUILT_PRODUCTS_DIR)/audio-earning.app/$(BUNDLE_EXECUTABLE_FOLDER_PATH)/audio-earning";
			};
			name = Debug;
		};
		E978D1DE2EAED47800BA0F3C /* Release */ = {
			isa = XCBuildConfiguration;
			buildSettings = {
				BUNDLE_LOADER = "$(TEST_HOST)";
				CODE_SIGN_STYLE = Automatic;
				CURRENT_PROJECT_VERSION = 1;
				DEVELOPMENT_TEAM = XNSH5U9FNV;
				GENERATE_INFOPLIST_FILE = YES;
				IPHONEOS_DEPLOYMENT_TARGET = 18.5;
				MARKETING_VERSION = 1.0;
				PRODUCT_BUNDLE_IDENTIFIER = "com.Max0228.englishhelper.audio-earningTests";
				PRODUCT_NAME = "$(TARGET_NAME)";
				SWIFT_EMIT_LOC_STRINGS = NO;
				SWIFT_VERSION = 5.0;
				TARGETED_DEVICE_FAMILY = "1,2";
				TEST_HOST = "$(BUILT_PRODUCTS_DIR)/audio-earning.app/$(BUNDLE_EXECUTABLE_FOLDER_PATH)/audio-earning";
			};
			name = Release;
		};
		E978D1E02EAED47800BA0F3C /* Debug */ = {
			isa = XCBuildConfiguration;
			buildSettings = {
				CODE_SIGN_STYLE = Automatic;
				CURRENT_PROJECT_VERSION = 1;
				DEVELOPMENT_TEAM = XNSH5U9FNV;
				GENERATE_INFOPLIST_FILE = YES;
				MARKETING_VERSION = 1.0;
				PRODUCT_BUNDLE_IDENTIFIER = "com.Max0228.englishhelper.audio-earningUITests";
				PRODUCT_NAME = "$(TARGET_NAME)";
				SWIFT_EMIT_LOC_STRINGS = NO;
				SWIFT_VERSION = 5.0;
				TARGETED_DEVICE_FAMILY = "1,2";
				TEST_TARGET_NAME = "audio-earning";
			};
			name = Debug;
		};
		E978D1E12EAED47800BA0F3C /* Release */ = {
			isa = XCBuildConfiguration;
			buildSettings = {
				CODE_SIGN_STYLE = Automatic;
				CURRENT_PROJECT_VERSION = 1;
				DEVELOPMENT_TEAM = XNSH5U9FNV;
				GENERATE_INFOPLIST_FILE = YES;
				MARKETING_VERSION = 1.0;
				PRODUCT_BUNDLE_IDENTIFIER = "com.Max0228.englishhelper.audio-earningUITests";
				PRODUCT_NAME = "$(TARGET_NAME)";
				SWIFT_EMIT_LOC_STRINGS = NO;
				SWIFT_VERSION = 5.0;
				TARGETED_DEVICE_FAMILY = "1,2";
				TEST_TARGET_NAME = "audio-earning";
			};
			name = Release;
		};
/* End XCBuildConfiguration section */

/* Begin XCConfigurationList section */
		E978D1B32EAED47700BA0F3C /* Build configuration list for PBXProject "audio-earning" */ = {
			isa = XCConfigurationList;
			buildConfigurations = (
				E978D1D72EAED47800BA0F3C /* Debug */,
				E978D1D82EAED47800BA0F3C /* Release */,
			);
			defaultConfigurationIsVisible = 0;
			defaultConfigurationName = Release;
		};
		E978D1D92EAED47800BA0F3C /* Build configuration list for PBXNativeTarget "audio-earning" */ = {
			isa = XCConfigurationList;
			buildConfigurations = (
				E978D1DA2EAED47800BA0F3C /* Debug */,
				E978D1DB2EAED47800BA0F3C /* Release */,
			);
			defaultConfigurationIsVisible = 0;
			defaultConfigurationName = Release;
		};
		E978D1DC2EAED47800BA0F3C /* Build configuration list for PBXNativeTarget "audio-earningTests" */ = {
			isa = XCConfigurationList;
			buildConfigurations = (
				E978D1DD2EAED47800BA0F3C /* Debug */,
				E978D1DE2EAED47800BA0F3C /* Release */,
			);
			defaultConfigurationIsVisible = 0;
			defaultConfigurationName = Release;
		};
		E978D1DF2EAED47800BA0F3C /* Build configuration list for PBXNativeTarget "audio-earningUITests" */ = {
			isa = XCConfigurationList;
			buildConfigurations = (
				E978D1E02EAED47800BA0F3C /* Debug */,
				E978D1E12EAED47800BA0F3C /* Release */,
			);
			defaultConfigurationIsVisible = 0;
			defaultConfigurationName = Release;
		};
/* End XCConfigurationList section */
	};
	rootObject = E978D1B02EAED47700BA0F3C /* Project object */;
}
